
Microsoft Visual Studio Solution File, Format Version 12.00
# Visual Studio Version 16
VisualStudioVersion = 16.0.31410.357
MinimumVisualStudioVersion = 10.0.40219.1
Project("{FAE04EC0-301F-11D3-BF4B-00C04F79EFBC}") = "chem_calc", "chem_calc\chem_calc.csproj", "{5E280896-514F-4E4A-8B22-99C038CBEC1A}"
EndProject
Global
	GlobalSection(SolutionConfigurationPlatforms) = preSolution
		Debug|Any CPU = Debug|Any CPU
		Release|Any CPU = Release|Any CPU
	EndGlobalSection
	GlobalSection(ProjectConfigurationPlatforms) = postSolution
		{5E280896-514F-4E4A-8B22-99C038CBEC1A}.Debug|Any CPU.ActiveCfg = Debug|Any CPU
		{5E280896-514F-4E4A-8B22-99C038CBEC1A}.Debug|Any CPU.Build.0 = Debug|Any CPU
		{5E280896-514F-4E4A-8B22-99C038CBEC1A}.Release|Any CPU.ActiveCfg = Release|Any CPU
		{5E280896-514F-4E4A-8B22-99C038CBEC1A}.Release|Any CPU.Build.0 = Release|Any CPU
	EndGlobalSection
	GlobalSection(SolutionProperties) = preSolution
		HideSolutionNode = FALSE
	EndGlobalSection
	GlobalSection(ExtensibilityGlobals) = postSolution
		SolutionGuid = {B9E1C773-4628-4FAE-B3EB-16936767846A}
	EndGlobalSection
EndGlobal
